// !$*UTF8*$!
{
	archiveVersion = 1;
	classes = {
	};
	objectVersion = 77;
	objects = {

/* Begin PBXContainerItemProxy section */
		3FC54C552D2668C900C63D33 /* PBXContainerItemProxy */ = {
			isa = PBXContainerItemProxy;
			containerPortal = 3FC54C362D2668C700C63D33 /* Project object */;
			proxyType = 1;
			remoteGlobalIDString = 3FC54C3D2D2668C700C63D33;
			remoteInfo = "Codable协议编解码图片";
		};
		3FC54C5F2D2668C900C63D33 /* PBXContainerItemProxy */ = {
			isa = PBXContainerItemProxy;
			containerPortal = 3FC54C362D2668C700C63D33 /* Project object */;
			proxyType = 1;
			remoteGlobalIDString = 3FC54C3D2D2668C700C63D33;
			remoteInfo = "Codable协议编解码图片";
		};
/* End PBXContainerItemProxy section */

/* Begin PBXFileReference section */
		3FC54C3E2D2668C700C63D33 /* Codable协议编解码图片.app */ = {isa = PBXFileReference; explicitFileType = wrapper.application; includeInIndex = 0; path = "Codable协议编解码图片.app"; sourceTree = BUILT_PRODUCTS_DIR; };
		3FC54C542D2668C900C63D33 /* Codable协议编解码图片Tests.xctest */ = {isa = PBXFileReference; explicitFileType = wrapper.cfbundle; includeInIndex = 0; path = "Codable协议编解码图片Tests.xctest"; sourceTree = BUILT_PRODUCTS_DIR; };
		3FC54C5E2D2668C900C63D33 /* Codable协议编解码图片UITests.xctest */ = {isa = PBXFileReference; explicitFileType = wrapper.cfbundle; includeInIndex = 0; path = "Codable协议编解码图片UITests.xctest"; sourceTree = BUILT_PRODUCTS_DIR; };
/* End PBXFileReference section */

/* Begin PBXFileSystemSynchronizedBuildFileExceptionSet section */
		3FC54C662D2668C900C63D33 /* Exceptions for "Codable协议编解码图片" folder in "Codable协议编解码图片" target */ = {
			isa = PBXFileSystemSynchronizedBuildFileExceptionSet;
			membershipExceptions = (
				Info.plist,
			);
			target = 3FC54C3D2D2668C700C63D33 /* Codable协议编解码图片 */;
		};
/* End PBXFileSystemSynchronizedBuildFileExceptionSet section */

/* Begin PBXFileSystemSynchronizedRootGroup section */
		3FC54C402D2668C700C63D33 /* Codable协议编解码图片 */ = {
			isa = PBXFileSystemSynchronizedRootGroup;
			exceptions = (
				3FC54C662D2668C900C63D33 /* Exceptions for "Codable协议编解码图片" folder in "Codable协议编解码图片" target */,
			);
			path = "Codable协议编解码图片";
			sourceTree = "<group>";
		};
		3FC54C572D2668C900C63D33 /* Codable协议编解码图片Tests */ = {
			isa = PBXFileSystemSynchronizedRootGroup;
			path = "Codable协议编解码图片Tests";
			sourceTree = "<group>";
		};
		3FC54C612D2668C900C63D33 /* Codable协议编解码图片UITests */ = {
			isa = PBXFileSystemSynchronizedRootGroup;
			path = "Codable协议编解码图片UITests";
			sourceTree = "<group>";
		};
/* End PBXFileSystemSynchronizedRootGroup section */

/* Begin PBXFrameworksBuildPhase section */
		3FC54C3B2D2668C700C63D33 /* Frameworks */ = {
			isa = PBXFrameworksBuildPhase;
			buildActionMask = 2147483647;
			files = (
			);
			runOnlyForDeploymentPostprocessing = 0;
		};
		3FC54C512D2668C900C63D33 /* Frameworks */ = {
			isa = PBXFrameworksBuildPhase;
			buildActionMask = 2147483647;
			files = (
			);
			runOnlyForDeploymentPostprocessing = 0;
		};
		3FC54C5B2D2668C900C63D33 /* Frameworks */ = {
			isa = PBXFrameworksBuildPhase;
			buildActionMask = 2147483647;
			files = (
			);
			runOnlyForDeploymentPostprocessing = 0;
		};
/* End PBXFrameworksBuildPhase section */

/* Begin PBXGroup section */
		3FC54C352D2668C700C63D33 = {
			isa = PBXGroup;
			children = (
				3FC54C402D2668C700C63D33 /* Codable协议编解码图片 */,
				3FC54C572D2668C900C63D33 /* Codable协议编解码图片Tests */,
				3FC54C612D2668C900C63D33 /* Codable协议编解码图片UITests */,
				3FC54C3F2D2668C700C63D33 /* Products */,
			);
			sourceTree = "<group>";
		};
		3FC54C3F2D2668C700C63D33 /* Products */ = {
			isa = PBXGroup;
			children = (
				3FC54C3E2D2668C700C63D33 /* Codable协议编解码图片.app */,
				3FC54C542D2668C900C63D33 /* Codable协议编解码图片Tests.xctest */,
				3FC54C5E2D2668C900C63D33 /* Codable协议编解码图片UITests.xctest */,
			);
			name = Products;
			sourceTree = "<group>";
		};
/* End PBXGroup section */

/* Begin PBXNativeTarget section */
		3FC54C3D2D2668C700C63D33 /* Codable协议编解码图片 */ = {
			isa = PBXNativeTarget;
			buildConfigurationList = 3FC54C672D2668C900C63D33 /* Build configuration list for PBXNativeTarget "Codable协议编解码图片" */;
			buildPhases = (
				3FC54C3A2D2668C700C63D33 /* Sources */,
				3FC54C3B2D2668C700C63D33 /* Frameworks */,
				3FC54C3C2D2668C700C63D33 /* Resources */,
			);
			buildRules = (
			);
			dependencies = (
			);
			fileSystemSynchronizedGroups = (
				3FC54C402D2668C700C63D33 /* Codable协议编解码图片 */,
			);
			name = "Codable协议编解码图片";
			packageProductDependencies = (
			);
			productName = "Codable协议编解码图片";
			productReference = 3FC54C3E2D2668C700C63D33 /* Codable协议编解码图片.app */;
			productType = "com.apple.product-type.application";
		};
		3FC54C532D2668C900C63D33 /* Codable协议编解码图片Tests */ = {
			isa = PBXNativeTarget;
			buildConfigurationList = 3FC54C6C2D2668C900C63D33 /* Build configuration list for PBXNativeTarget "Codable协议编解码图片Tests" */;
			buildPhases = (
				3FC54C502D2668C900C63D33 /* Sources */,
				3FC54C512D2668C900C63D33 /* Frameworks */,
				3FC54C522D2668C900C63D33 /* Resources */,
			);
			buildRules = (
			);
			dependencies = (
				3FC54C562D2668C900C63D33 /* PBXTargetDependency */,
			);
			fileSystemSynchronizedGroups = (
				3FC54C572D2668C900C63D33 /* Codable协议编解码图片Tests */,
			);
			name = "Codable协议编解码图片Tests";
			packageProductDependencies = (
			);
			productName = "Codable协议编解码图片Tests";
			productReference = 3FC54C542D2668C900C63D33 /* Codable协议编解码图片Tests.xctest */;
			productType = "com.apple.product-type.bundle.unit-test";
		};
		3FC54C5D2D2668C900C63D33 /* Codable协议编解码图片UITests */ = {
			isa = PBXNativeTarget;
			buildConfigurationList = 3FC54C6F2D2668C900C63D33 /* Build configuration list for PBXNativeTarget "Codable协议编解码图片UITests" */;
			buildPhases = (
				3FC54C5A2D2668C900C63D33 /* Sources */,
				3FC54C5B2D2668C900C63D33 /* Frameworks */,
				3FC54C5C2D2668C900C63D33 /* Resources */,
			);
			buildRules = (
			);
			dependencies = (
				3FC54C602D2668C900C63D33 /* PBXTargetDependency */,
			);
			fileSystemSynchronizedGroups = (
				3FC54C612D2668C900C63D33 /* Codable协议编解码图片UITests */,
			);
			name = "Codable协议编解码图片UITests";
			packageProductDependencies = (
			);
			productName = "Codable协议编解码图片UITests";
			productReference = 3FC54C5E2D2668C900C63D33 /* Codable协议编解码图片UITests.xctest */;
			productType = "com.apple.product-type.bundle.ui-testing";
		};
/* End PBXNativeTarget section */

/* Begin PBXProject section */
		3FC54C362D2668C700C63D33 /* Project object */ = {
			isa = PBXProject;
			attributes = {
				BuildIndependentTargetsInParallel = 1;
				LastSwiftUpdateCheck = 1610;
				LastUpgradeCheck = 1610;
				TargetAttributes = {
					3FC54C3D2D2668C700C63D33 = {
						CreatedOnToolsVersion = 16.1;
					};
					3FC54C532D2668C900C63D33 = {
						CreatedOnToolsVersion = 16.1;
						TestTargetID = 3FC54C3D2D2668C700C63D33;
					};
					3FC54C5D2D2668C900C63D33 = {
						CreatedOnToolsVersion = 16.1;
						TestTargetID = 3FC54C3D2D2668C700C63D33;
					};
				};
			};
			buildConfigurationList = 3FC54C392D2668C700C63D33 /* Build configuration list for PBXProject "Codable协议编解码图片" */;
			developmentRegion = en;
			hasScannedForEncodings = 0;
			knownRegions = (
				en,
				Base,
			);
			mainGroup = 3FC54C352D2668C700C63D33;
			minimizedProjectReferenceProxies = 1;
			preferredProjectObjectVersion = 77;
			productRefGroup = 3FC54C3F2D2668C700C63D33 /* Products */;
			projectDirPath = "";
			projectRoot = "";
			targets = (
				3FC54C3D2D2668C700C63D33 /* Codable协议编解码图片 */,
				3FC54C532D2668C900C63D33 /* Codable协议编解码图片Tests */,
				3FC54C5D2D2668C900C63D33 /* Codable协议编解码图片UITests */,
			);
		};
/* End PBXProject section */

/* Begin PBXResourcesBuildPhase section */
		3FC54C3C2D2668C700C63D33 /* Resources */ = {
			isa = PBXResourcesBuildPhase;
			buildActionMask = 2147483647;
			files = (
			);
			runOnlyForDeploymentPostprocessing = 0;
		};
		3FC54C522D2668C900C63D33 /* Resources */ = {
			isa = PBXResourcesBuildPhase;
			buildActionMask = 2147483647;
			files = (
			);
			runOnlyForDeploymentPostprocessing = 0;
		};
		3FC54C5C2D2668C900C63D33 /* Resources */ = {
			isa = PBXResourcesBuildPhase;
			buildActionMask = 2147483647;
			files = (
			);
			runOnlyForDeploymentPostprocessing = 0;
		};
/* End PBXResourcesBuildPhase section */

/* Begin PBXSourcesBuildPhase section */
		3FC54C3A2D2668C700C63D33 /* Sources */ = {
			isa = PBXSourcesBuildPhase;
			buildActionMask = 2147483647;
			files = (
			);
			runOnlyForDeploymentPostprocessing = 0;
		};
		3FC54C502D2668C900C63D33 /* Sources */ = {
			isa = PBXSourcesBuildPhase;
			buildActionMask = 2147483647;
			files = (
			);
			runOnlyForDeploymentPostprocessing = 0;
		};
		3FC54C5A2D2668C900C63D33 /* Sources */ = {
			isa = PBXSourcesBuildPhase;
			buildActionMask = 2147483647;
			files = (
			);
			runOnlyForDeploymentPostprocessing = 0;
		};
/* End PBXSourcesBuildPhase section */

/* Begin PBXTargetDependency section */
		3FC54C562D2668C900C63D33 /* PBXTargetDependency */ = {
			isa = PBXTargetDependency;
			target = 3FC54C3D2D2668C700C63D33 /* Codable协议编解码图片 */;
			targetProxy = 3FC54C552D2668C900C63D33 /* PBXContainerItemProxy */;
		};
		3FC54C602D2668C900C63D33 /* PBXTargetDependency */ = {
			isa = PBXTargetDependency;
			target = 3FC54C3D2D2668C700C63D33 /* Codable协议编解码图片 */;
			targetProxy = 3FC54C5F2D2668C900C63D33 /* PBXContainerItemProxy */;
		};
/* End PBXTargetDependency section */

/* Begin XCBuildConfiguration section */
		3FC54C682D2668C900C63D33 /* Debug */ = {
			isa = XCBuildConfiguration;
			buildSettings = {
				ASSETCATALOG_COMPILER_APPICON_NAME = AppIcon;
				ASSETCATALOG_COMPILER_GLOBAL_ACCENT_COLOR_NAME = AccentColor;
				CODE_SIGN_STYLE = Automatic;
				CURRENT_PROJECT_VERSION = 1;
				DEVELOPMENT_TEAM = 67FT544R82;
				GENERATE_INFOPLIST_FILE = YES;
				INFOPLIST_FILE = "Codable协议编解码图片/Info.plist";
				INFOPLIST_KEY_UIApplicationSupportsIndirectInputEvents = YES;
				INFOPLIST_KEY_UILaunchStoryboardName = LaunchScreen;
				INFOPLIST_KEY_UIMainStoryboardFile = Main;
				INFOPLIST_KEY_UISupportedInterfaceOrientations_iPad = "UIInterfaceOrientationPortrait UIInterfaceOrientationPortraitUpsideDown UIInterfaceOrientationLandscapeLeft UIInterfaceOrientationLandscapeRight";
				INFOPLIST_KEY_UISupportedInterfaceOrientations_iPhone = "UIInterfaceOrientationPortrait UIInterfaceOrientationLandscapeLeft UIInterfaceOrientationLandscapeRight";
				LD_RUNPATH_SEARCH_PATHS = (
					"$(inherited)",
					"@executable_path/Frameworks",
				);
				MARKETING_VERSION = 1.0;
				PRODUCT_BUNDLE_IDENTIFIER = "mjbakd.Codable-------";
				PRODUCT_NAME = "$(TARGET_NAME)";
				SWIFT_EMIT_LOC_STRINGS = YES;
				SWIFT_VERSION = 5.0;
				TARGETED_DEVICE_FAMILY = "1,2";
			};
			name = Debug;
		};
		3FC54C692D2668C900C63D33 /* Release */ = {
			isa = XCBuildConfiguration;
			buildSettings = {
				ASSETCATALOG_COMPILER_APPICON_NAME = AppIcon;
				ASSETCATALOG_COMPILER_GLOBAL_ACCENT_COLOR_NAME = AccentColor;
				CODE_SIGN_STYLE = Automatic;
				CURRENT_PROJECT_VERSION = 1;
				DEVELOPMENT_TEAM = 67FT544R82;
				GENERATE_INFOPLIST_FILE = YES;
				INFOPLIST_FILE = "Codable协议编解码图片/Info.plist";
				INFOPLIST_KEY_UIApplicationSupportsIndirectInputEvents = YES;
				INFOPLIST_KEY_UILaunchStoryboardName = LaunchScreen;
				INFOPLIST_KEY_UIMainStoryboardFile = Main;
				INFOPLIST_KEY_UISupportedInterfaceOrientations_iPad = "UIInterfaceOrientationPortrait UIInterfaceOrientationPortraitUpsideDown UIInterfaceOrientationLandscapeLeft UIInterfaceOrientationLandscapeRight";
				INFOPLIST_KEY_UISupportedInterfaceOrientations_iPhone = "UIInterfaceOrientationPortrait UIInterfaceOrientationLandscapeLeft UIInterfaceOrientationLandscapeRight";
				LD_RUNPATH_SEARCH_PATHS = (
					"$(inherited)",
					"@executable_path/Frameworks",
				);
				MARKETING_VERSION = 1.0;
				PRODUCT_BUNDLE_IDENTIFIER = "mjbakd.Codable-------";
				PRODUCT_NAME = "$(TARGET_NAME)";
				SWIFT_EMIT_LOC_STRINGS = YES;
				SWIFT_VERSION = 5.0;
				TARGETED_DEVICE_FAMILY = "1,2";
			};
			name = Release;
		};
		3FC54C6A2D2668C900C63D33 /* Debug */ = {
			isa = XCBuildConfiguration;
			buildSettings = {
				ALWAYS_SEARCH_USER_PATHS = NO;
				ASSETCATALOG_COMPILER_GENERATE_SWIFT_ASSET_SYMBOL_EXTENSIONS = YES;
				CLANG_ANALYZER_NONNULL = YES;
				CLANG_ANALYZER_NUMBER_OBJECT_CONVERSION = YES_AGGRESSIVE;
				CLANG_CXX_LANGUAGE_STANDARD = "gnu++20";
				CLANG_ENABLE_MODULES = YES;
				CLANG_ENABLE_OBJC_ARC = YES;
				CLANG_ENABLE_OBJC_WEAK = YES;
				CLANG_WARN_BLOCK_CAPTURE_AUTORELEASING = YES;
				CLANG_WARN_BOOL_CONVERSION = YES;
				CLANG_WARN_COMMA = YES;
				CLANG_WARN_CONSTANT_CONVERSION = YES;
				CLANG_WARN_DEPRECATED_OBJC_IMPLEMENTATIONS = YES;
				CLANG_WARN_DIRECT_OBJC_ISA_USAGE = YES_ERROR;
				CLANG_WARN_DOCUMENTATION_COMMENTS = YES;
				CLANG_WARN_EMPTY_BODY = YES;
				CLANG_WARN_ENUM_CONVERSION = YES;
				CLANG_WARN_INFINITE_RECURSION = YES;
				CLANG_WARN_INT_CONVERSION = YES;
				CLANG_WARN_NON_LITERAL_NULL_CONVERSION = YES;
				CLANG_WARN_OBJC_IMPLICIT_RETAIN_SELF = YES;
				CLANG_WARN_OBJC_LITERAL_CONVERSION = YES;
				CLANG_WARN_OBJC_ROOT_CLASS = YES_ERROR;
				CLANG_WARN_QUOTED_INCLUDE_IN_FRAMEWORK_HEADER = YES;
				CLANG_WARN_RANGE_LOOP_ANALYSIS = YES;
				CLANG_WARN_STRICT_PROTOTYPES = YES;
				CLANG_WARN_SUSPICIOUS_MOVE = YES;
				CLANG_WARN_UNGUARDED_AVAILABILITY = YES_AGGRESSIVE;
				CLANG_WARN_UNREACHABLE_CODE = YES;
				CLANG_WARN__DUPLICATE_METHOD_MATCH = YES;
				COPY_PHASE_STRIP = NO;
				DEBUG_INFORMATION_FORMAT = dwarf;
				ENABLE_STRICT_OBJC_MSGSEND = YES;
				ENABLE_TESTABILITY = YES;
				ENABLE_USER_SCRIPT_SANDBOXING = YES;
				GCC_C_LANGUAGE_STANDARD = gnu17;
				GCC_DYNAMIC_NO_PIC = NO;
				GCC_NO_COMMON_BLOCKS = YES;
				GCC_OPTIMIZATION_LEVEL = 0;
				GCC_PREPROCESSOR_DEFINITIONS = (
					"DEBUG=1",
					"$(inherited)",
				);
				GCC_WARN_64_TO_32_BIT_CONVERSION = YES;
				GCC_WARN_ABOUT_RETURN_TYPE = YES_ERROR;
				GCC_WARN_UNDECLARED_SELECTOR = YES;
				GCC_WARN_UNINITIALIZED_AUTOS = YES_AGGRESSIVE;
				GCC_WARN_UNUSED_FUNCTION = YES;
				GCC_WARN_UNUSED_VARIABLE = YES;
				IPHONEOS_DEPLOYMENT_TARGET = 18.1;
				LOCALIZATION_PREFERS_STRING_CATALOGS = YES;
				MTL_ENABLE_DEBUG_INFO = INCLUDE_SOURCE;
				MTL_FAST_MATH = YES;
				ONLY_ACTIVE_ARCH = YES;
				SDKROOT = iphoneos;
				SWIFT_ACTIVE_COMPILATION_CONDITIONS = "DEBUG $(inherited)";
				SWIFT_OPTIMIZATION_LEVEL = "-Onone";
			};
			name = Debug;
		};
		3FC54C6B2D2668C900C63D33 /* Release */ = {
			isa = XCBuildConfiguration;
			buildSettings = {
				ALWAYS_SEARCH_USER_PATHS = NO;
				ASSETCATALOG_COMPILER_GENERATE_SWIFT_ASSET_SYMBOL_EXTENSIONS = YES;
				CLANG_ANALYZER_NONNULL = YES;
				CLANG_ANALYZER_NUMBER_OBJECT_CONVERSION = YES_AGGRESSIVE;
				CLANG_CXX_LANGUAGE_STANDARD = "gnu++20";
				CLANG_ENABLE_MODULES = YES;
				CLANG_ENABLE_OBJC_ARC = YES;
				CLANG_ENABLE_OBJC_WEAK = YES;
				CLANG_WARN_BLOCK_CAPTURE_AUTORELEASING = YES;
				CLANG_WARN_BOOL_CONVERSION = YES;
				CLANG_WARN_COMMA = YES;
				CLANG_WARN_CONSTANT_CONVERSION = YES;
				CLANG_WARN_DEPRECATED_OBJC_IMPLEMENTATIONS = YES;
				CLANG_WARN_DIRECT_OBJC_ISA_USAGE = YES_ERROR;
				CLANG_WARN_DOCUMENTATION_COMMENTS = YES;
				CLANG_WARN_EMPTY_BODY = YES;
				CLANG_WARN_ENUM_CONVERSION = YES;
				CLANG_WARN_INFINITE_RECURSION = YES;
				CLANG_WARN_INT_CONVERSION = YES;
				CLANG_WARN_NON_LITERAL_NULL_CONVERSION = YES;
				CLANG_WARN_OBJC_IMPLICIT_RETAIN_SELF = YES;
				CLANG_WARN_OBJC_LITERAL_CONVERSION = YES;
				CLANG_WARN_OBJC_ROOT_CLASS = YES_ERROR;
				CLANG_WARN_QUOTED_INCLUDE_IN_FRAMEWORK_HEADER = YES;
				CLANG_WARN_RANGE_LOOP_ANALYSIS = YES;
				CLANG_WARN_STRICT_PROTOTYPES = YES;
				CLANG_WARN_SUSPICIOUS_MOVE = YES;
				CLANG_WARN_UNGUARDED_AVAILABILITY = YES_AGGRESSIVE;
				CLANG_WARN_UNREACHABLE_CODE = YES;
				CLANG_WARN__DUPLICATE_METHOD_MATCH = YES;
				COPY_PHASE_STRIP = NO;
				DEBUG_INFORMATION_FORMAT = "dwarf-with-dsym";
				ENABLE_NS_ASSERTIONS = NO;
				ENABLE_STRICT_OBJC_MSGSEND = YES;
				ENABLE_USER_SCRIPT_SANDBOXING = YES;
				GCC_C_LANGUAGE_STANDARD = gnu17;
				GCC_NO_COMMON_BLOCKS = YES;
				GCC_WARN_64_TO_32_BIT_CONVERSION = YES;
				GCC_WARN_ABOUT_RETURN_TYPE = YES_ERROR;
				GCC_WARN_UNDECLARED_SELECTOR = YES;
				GCC_WARN_UNINITIALIZED_AUTOS = YES_AGGRESSIVE;
				GCC_WARN_UNUSED_FUNCTION = YES;
				GCC_WARN_UNUSED_VARIABLE = YES;
				IPHONEOS_DEPLOYMENT_TARGET = 18.1;
				LOCALIZATION_PREFERS_STRING_CATALOGS = YES;
				MTL_ENABLE_DEBUG_INFO = NO;
				MTL_FAST_MATH = YES;
				SDKROOT = iphoneos;
				SWIFT_COMPILATION_MODE = wholemodule;
				VALIDATE_PRODUCT = YES;
			};
			name = Release;
		};
		3FC54C6D2D2668C900C63D33 /* Debug */ = {
			isa = XCBuildConfiguration;
			buildSettings = {
				BUNDLE_LOADER = "$(TEST_HOST)";
				CODE_SIGN_STYLE = Automatic;
				CURRENT_PROJECT_VERSION = 1;
				GENERATE_INFOPLIST_FILE = YES;
				IPHONEOS_DEPLOYMENT_TARGET = 18.1;
				MARKETING_VERSION = 1.0;
				PRODUCT_BUNDLE_IDENTIFIER = "mjbakd.Codable-------Tests";
				PRODUCT_NAME = "$(TARGET_NAME)";
				SWIFT_EMIT_LOC_STRINGS = NO;
				SWIFT_VERSION = 5.0;
				TARGETED_DEVICE_FAMILY = "1,2";
				TEST_HOST = "$(BUILT_PRODUCTS_DIR)/Codable协议编解码图片.app/$(BUNDLE_EXECUTABLE_FOLDER_PATH)/Codable协议编解码图片";
			};
			name = Debug;
		};
		3FC54C6E2D2668C900C63D33 /* Release */ = {
			isa = XCBuildConfiguration;
			buildSettings = {
				BUNDLE_LOADER = "$(TEST_HOST)";
				CODE_SIGN_STYLE = Automatic;
				CURRENT_PROJECT_VERSION = 1;
				GENERATE_INFOPLIST_FILE = YES;
				IPHONEOS_DEPLOYMENT_TARGET = 18.1;
				MARKETING_VERSION = 1.0;
				PRODUCT_BUNDLE_IDENTIFIER = "mjbakd.Codable-------Tests";
				PRODUCT_NAME = "$(TARGET_NAME)";
				SWIFT_EMIT_LOC_STRINGS = NO;
				SWIFT_VERSION = 5.0;
				TARGETED_DEVICE_FAMILY = "1,2";
				TEST_HOST = "$(BUILT_PRODUCTS_DIR)/Codable协议编解码图片.app/$(BUNDLE_EXECUTABLE_FOLDER_PATH)/Codable协议编解码图片";
			};
			name = Release;
		};
		3FC54C702D2668C900C63D33 /* Debug */ = {
			isa = XCBuildConfiguration;
			buildSettings = {
				CODE_SIGN_STYLE = Automatic;
				CURRENT_PROJECT_VERSION = 1;
				GENERATE_INFOPLIST_FILE = YES;
				MARKETING_VERSION = 1.0;
				PRODUCT_BUNDLE_IDENTIFIER = "mjbakd.Codable-------UITests";
				PRODUCT_NAME = "$(TARGET_NAME)";
				SWIFT_EMIT_LOC_STRINGS = NO;
				SWIFT_VERSION = 5.0;
				TARGETED_DEVICE_FAMILY = "1,2";
				TEST_TARGET_NAME = "Codable协议编解码图片";
			};
			name = Debug;
		};
		3FC54C712D2668C900C63D33 /* Release */ = {
			isa = XCBuildConfiguration;
			buildSettings = {
				CODE_SIGN_STYLE = Automatic;
				CURRENT_PROJECT_VERSION = 1;
				GENERATE_INFOPLIST_FILE = YES;
				MARKETING_VERSION = 1.0;
				PRODUCT_BUNDLE_IDENTIFIER = "mjbakd.Codable-------UITests";
				PRODUCT_NAME = "$(TARGET_NAME)";
				SWIFT_EMIT_LOC_STRINGS = NO;
				SWIFT_VERSION = 5.0;
				TARGETED_DEVICE_FAMILY = "1,2";
				TEST_TARGET_NAME = "Codable协议编解码图片";
			};
			name = Release;
		};
/* End XCBuildConfiguration section */

/* Begin XCConfigurationList section */
		3FC54C392D2668C700C63D33 /* Build configuration list for PBXProject "Codable协议编解码图片" */ = {
			isa = XCConfigurationList;
			buildConfigurations = (
				3FC54C6A2D2668C900C63D33 /* Debug */,
				3FC54C6B2D2668C900C63D33 /* Release */,
			);
			defaultConfigurationIsVisible = 0;
			defaultConfigurationName = Release;
		};
		3FC54C672D2668C900C63D33 /* Build configuration list for PBXNativeTarget "Codable协议编解码图片" */ = {
			isa = XCConfigurationList;
			buildConfigurations = (
				3FC54C682D2668C900C63D33 /* Debug */,
				3FC54C692D2668C900C63D33 /* Release */,
			);
			defaultConfigurationIsVisible = 0;
			defaultConfigurationName = Release;
		};
		3FC54C6C2D2668C900C63D33 /* Build configuration list for PBXNativeTarget "Codable协议编解码图片Tests" */ = {
			isa = XCConfigurationList;
			buildConfigurations = (
				3FC54C6D2D2668C900C63D33 /* Debug */,
				3FC54C6E2D2668C900C63D33 /* Release */,
			);
			defaultConfigurationIsVisible = 0;
			defaultConfigurationName = Release;
		};
		3FC54C6F2D2668C900C63D33 /* Build configuration list for PBXNativeTarget "Codable协议编解码图片UITests" */ = {
			isa = XCConfigurationList;
			buildConfigurations = (
				3FC54C702D2668C900C63D33 /* Debug */,
				3FC54C712D2668C900C63D33 /* Release */,
			);
			defaultConfigurationIsVisible = 0;
			defaultConfigurationName = Release;
		};
/* End XCConfigurationList section */
	};
	rootObject = 3FC54C362D2668C700C63D33 /* Project object */;
}
